github.com/go-ini/ini v1.66.4 h1:dKjMqkcbkzfddhIhyglTPgMoJnkvmG+bSLrU9cTHc5M=
github.com/go-ini/ini v1.66.4/go.mod h1:ByCAeIL28uOIIG0E3PJtZPDL8WnHpFKFOtgjp+3Ies8=
github.com/go-ini/ini v1.67.0 h1:z6ZrTEZqSWOTyH2FlglNbNgARyHG8oLW9gMELqKr06A=
github.com/go-ini/ini v1.67.0/go.mod h1:ByCAeIL28uOIIG0E3PJtZPDL8WnHpFKFOtgjp+3Ies8=
gopkg.in/ini.v1 v1.66.4 h1:SsAcf+mM7mRZo2nJNGt8mZCjG8ZRaNGMURJw7BsIST4=
gopkg.in/ini.v1 v1.66.4/go.mod h1:pNLf8WUiyNEtQjuu5G5vTm06TEv9tsIgeAvK8hOrP4k=
